{
  "version": "5",
  "specifiers": {
    "jsr:@uzmoi/ut@~0.1.2": "0.1.2",
    "npm:@uzmoi/ut@~0.1.1": "0.1.1",
    "npm:cspell@9": "9.2.1",
    "npm:lefthook@^1.11.12": "1.11.12",
    "npm:tsdown@~0.15.5": "0.15.5_typescript@5.8.3_rolldown@1.0.0-beta.40",
    "npm:typescript@^5.8.3": "5.8.3"
  },
  "jsr": {
    "@uzmoi/ut@0.1.2": {
      "integrity": "94ae3a45cdda390ff09ba706e06b31acc3b24d49f4902c2da5d5cac7fdb9ac69"
    }
  },
  "npm": {
    "@babel/generator@7.28.3": {
      "integrity": "sha512-3lSpxGgvnmZznmBkCRnVREPUFJv2wrv9iAoFDvADJc0ypmdOxdUtcLeBgBJ6zE0PMeTKnxeQzyk0xTBq4Ep7zw==",
      "dependencies": [
        "@babel/parser",
        "@babel/types",
        "@jridgewell/gen-mapping",
        "@jridgewell/trace-mapping",
        "jsesc"
      ]
    },
    "@babel/helper-string-parser@7.27.1": {
      "integrity": "sha512-qMlSxKbpRlAridDExk92nSobyDdpPijUq2DW6oDnUqd0iOGxmQjyqhMIihI9+zv4LPyZdRje2cavWPbCbWm3eA=="
    },
    "@babel/helper-validator-identifier@7.27.1": {
      "integrity": "sha512-D2hP9eA+Sqx1kBZgzxZh0y1trbuU+JoDkiEwqhQ36nodYqJwyEIhPSdMNd7lOm/4io72luTPWH20Yda0xOuUow=="
    },
    "@babel/parser@7.28.4": {
      "integrity": "sha512-yZbBqeM6TkpP9du/I2pUZnJsRMGGvOuIrhjzC1AwHwW+6he4mni6Bp/m8ijn0iOuZuPI2BfkCoSRunpyjnrQKg==",
      "dependencies": [
        "@babel/types"
      ],
      "bin": true
    },
    "@babel/types@7.28.4": {
      "integrity": "sha512-bkFqkLhh3pMBUQQkpVgWDWq/lqzc2678eUyDlTBhRqhCHFguYYGM0Efga7tYk4TogG/3x0EEl66/OQ+WGbWB/Q==",
      "dependencies": [
        "@babel/helper-string-parser",
        "@babel/helper-validator-identifier"
      ]
    },
    "@cspell/cspell-bundled-dicts@9.2.1_@cspell+dict-css@4.0.18_@cspell+dict-html@4.0.12_@cspell+dict-html-symbol-entities@4.0.4_@cspell+dict-typescript@3.2.3": {
      "integrity": "sha512-85gHoZh3rgZ/EqrHIr1/I4OLO53fWNp6JZCqCdgaT7e3sMDaOOG6HoSxCvOnVspXNIf/1ZbfTCDMx9x79Xq0AQ==",
      "dependencies": [
        "@cspell/dict-ada",
        "@cspell/dict-al",
        "@cspell/dict-aws",
        "@cspell/dict-bash",
        "@cspell/dict-companies",
        "@cspell/dict-cpp",
        "@cspell/dict-cryptocurrencies",
        "@cspell/dict-csharp",
        "@cspell/dict-css",
        "@cspell/dict-dart",
        "@cspell/dict-data-science",
        "@cspell/dict-django",
        "@cspell/dict-docker",
        "@cspell/dict-dotnet",
        "@cspell/dict-elixir",
        "@cspell/dict-en-common-misspellings",
        "@cspell/dict-en-gb-mit",
        "@cspell/dict-en_us",
        "@cspell/dict-filetypes",
        "@cspell/dict-flutter",
        "@cspell/dict-fonts",
        "@cspell/dict-fsharp",
        "@cspell/dict-fullstack",
        "@cspell/dict-gaming-terms",
        "@cspell/dict-git",
        "@cspell/dict-golang",
        "@cspell/dict-google",
        "@cspell/dict-haskell",
        "@cspell/dict-html",
        "@cspell/dict-html-symbol-entities",
        "@cspell/dict-java",
        "@cspell/dict-julia",
        "@cspell/dict-k8s",
        "@cspell/dict-kotlin",
        "@cspell/dict-latex",
        "@cspell/dict-lorem-ipsum",
        "@cspell/dict-lua",
        "@cspell/dict-makefile",
        "@cspell/dict-markdown",
        "@cspell/dict-monkeyc",
        "@cspell/dict-node",
        "@cspell/dict-npm",
        "@cspell/dict-php",
        "@cspell/dict-powershell",
        "@cspell/dict-public-licenses",
        "@cspell/dict-python",
        "@cspell/dict-r",
        "@cspell/dict-ruby",
        "@cspell/dict-rust",
        "@cspell/dict-scala",
        "@cspell/dict-shell",
        "@cspell/dict-software-terms",
        "@cspell/dict-sql",
        "@cspell/dict-svelte",
        "@cspell/dict-swift",
        "@cspell/dict-terraform",
        "@cspell/dict-typescript",
        "@cspell/dict-vue"
      ]
    },
    "@cspell/cspell-json-reporter@9.2.1": {
      "integrity": "sha512-LiiIWzLP9h2etKn0ap6g2+HrgOGcFEF/hp5D8ytmSL5sMxDcV13RrmJCEMTh1axGyW0SjQEFjPnYzNpCL1JjGA==",
      "dependencies": [
        "@cspell/cspell-types"
      ]
    },
    "@cspell/cspell-pipe@9.2.1": {
      "integrity": "sha512-2N1H63If5cezLqKToY/YSXon4m4REg/CVTFZr040wlHRbbQMh5EF3c7tEC/ue3iKAQR4sm52ihfqo1n4X6kz+g=="
    },
    "@cspell/cspell-resolver@9.2.1": {
      "integrity": "sha512-fRPQ6GWU5eyh8LN1TZblc7t24TlGhJprdjJkfZ+HjQo+6ivdeBPT7pC7pew6vuMBQPS1oHBR36hE0ZnJqqkCeg==",
      "dependencies": [
        "global-directory"
      ]
    },
    "@cspell/cspell-service-bus@9.2.1": {
      "integrity": "sha512-k4M6bqdvWbcGSbcfLD7Lf4coZVObsISDW+sm/VaWp9aZ7/uwiz1IuGUxL9WO4JIdr9CFEf7Ivmvd2txZpVOCIA=="
    },
    "@cspell/cspell-types@9.2.1": {
      "integrity": "sha512-FQHgQYdTHkcpxT0u1ddLIg5Cc5ePVDcLg9+b5Wgaubmc5I0tLotgYj8c/mvStWuKsuZIs6sUopjJrE91wk6Onw=="
    },
    "@cspell/dict-ada@4.1.1": {
      "integrity": "sha512-E+0YW9RhZod/9Qy2gxfNZiHJjCYFlCdI69br1eviQQWB8yOTJX0JHXLs79kOYhSW0kINPVUdvddEBe6Lu6CjGQ=="
    },
    "@cspell/dict-al@1.1.1": {
      "integrity": "sha512-sD8GCaZetgQL4+MaJLXqbzWcRjfKVp8x+px3HuCaaiATAAtvjwUQ5/Iubiqwfd1boIh2Y1/3EgM3TLQ7Q8e0wQ=="
    },
    "@cspell/dict-aws@4.0.15": {
      "integrity": "sha512-aPY7VVR5Os4rz36EaqXBAEy14wR4Rqv+leCJ2Ug/Gd0IglJpM30LalF3e2eJChnjje3vWoEC0Rz3+e5gpZG+Kg=="
    },
    "@cspell/dict-bash@4.2.1": {
      "integrity": "sha512-SBnzfAyEAZLI9KFS7DUG6Xc1vDFuLllY3jz0WHvmxe8/4xV3ufFE3fGxalTikc1VVeZgZmxYiABw4iGxVldYEg==",
      "dependencies": [
        "@cspell/dict-shell"
      ]
    },
    "@cspell/dict-companies@3.2.5": {
      "integrity": "sha512-H51R0w7c6RwJJPqH7Gs65tzP6ouZsYDEHmmol6MIIk0kQaOIBuFP2B3vIxHLUr2EPRVFZsMW8Ni7NmVyaQlwsg=="
    },
    "@cspell/dict-cpp@6.0.12": {
      "integrity": "sha512-N4NsCTttVpMqQEYbf0VQwCj6np+pJESov0WieCN7R/0aByz4+MXEiDieWWisaiVi8LbKzs1mEj4ZTw5K/6O2UQ=="
    },
    "@cspell/dict-cryptocurrencies@5.0.5": {
      "integrity": "sha512-R68hYYF/rtlE6T/dsObStzN5QZw+0aQBinAXuWCVqwdS7YZo0X33vGMfChkHaiCo3Z2+bkegqHlqxZF4TD3rUA=="
    },
    "@cspell/dict-csharp@4.0.7": {
      "integrity": "sha512-H16Hpu8O/1/lgijFt2lOk4/nnldFtQ4t8QHbyqphqZZVE5aS4J/zD/WvduqnLY21aKhZS6jo/xF5PX9jyqPKUA=="
    },
    "@cspell/dict-css@4.0.18": {
      "integrity": "sha512-EF77RqROHL+4LhMGW5NTeKqfUd/e4OOv6EDFQ/UQQiFyWuqkEKyEz0NDILxOFxWUEVdjT2GQ2cC7t12B6pESwg=="
    },
    "@cspell/dict-dart@2.3.1": {
      "integrity": "sha512-xoiGnULEcWdodXI6EwVyqpZmpOoh8RA2Xk9BNdR7DLamV/QMvEYn8KJ7NlRiTSauJKPNkHHQ5EVHRM6sTS7jdg=="
    },
    "@cspell/dict-data-science@2.0.9": {
      "integrity": "sha512-wTOFMlxv06veIwKdXUwdGxrQcK44Zqs426m6JGgHIB/GqvieZQC5n0UI+tUm5OCxuNyo4OV6mylT4cRMjtKtWQ=="
    },
    "@cspell/dict-django@4.1.5": {
      "integrity": "sha512-AvTWu99doU3T8ifoMYOMLW2CXKvyKLukPh1auOPwFGHzueWYvBBN+OxF8wF7XwjTBMMeRleVdLh3aWCDEX/ZWg=="
    },
    "@cspell/dict-docker@1.1.16": {
      "integrity": "sha512-UiVQ5RmCg6j0qGIxrBnai3pIB+aYKL3zaJGvXk1O/ertTKJif9RZikKXCEgqhaCYMweM4fuLqWSVmw3hU164Iw=="
    },
    "@cspell/dict-dotnet@5.0.10": {
      "integrity": "sha512-ooar8BP/RBNP1gzYfJPStKEmpWy4uv/7JCq6FOnJLeD1yyfG3d/LFMVMwiJo+XWz025cxtkM3wuaikBWzCqkmg=="
    },
    "@cspell/dict-elixir@4.0.8": {
      "integrity": "sha512-CyfphrbMyl4Ms55Vzuj+mNmd693HjBFr9hvU+B2YbFEZprE5AG+EXLYTMRWrXbpds4AuZcvN3deM2XVB80BN/Q=="
    },
    "@cspell/dict-en-common-misspellings@2.1.6": {
      "integrity": "sha512-xV9yryOqZizbSqxRS7kSVRrxVEyWHUqwdY56IuT7eAWGyTCJNmitXzXa4p+AnEbhL+AB2WLynGVSbNoUC3ceFA=="
    },
    "@cspell/dict-en-gb-mit@3.1.9": {
      "integrity": "sha512-1lSnphnHTOxnpNLpPLg1XXv8df3hs4oL0LJ6dkQ0IqNROl8Jzl6PD55BDTlKy4YOAA76dJlePB0wyrxB+VVKbg=="
    },
    "@cspell/dict-en_us@4.4.19": {
      "integrity": "sha512-JYYgzhGqSGuIMNY1cTlmq3zrNpehrExMHqLmLnSM2jEGFeHydlL+KLBwBYxMy4e73w+p1+o/rmAiGsMj9g3MCw=="
    },
    "@cspell/dict-filetypes@3.0.13": {
      "integrity": "sha512-g6rnytIpQlMNKGJT1JKzWkC+b3xCliDKpQ3ANFSq++MnR4GaLiifaC4JkVON11Oh/UTplYOR1nY3BR4X30bswA=="
    },
    "@cspell/dict-flutter@1.1.1": {
      "integrity": "sha512-UlOzRcH2tNbFhZmHJN48Za/2/MEdRHl2BMkCWZBYs+30b91mWvBfzaN4IJQU7dUZtowKayVIF9FzvLZtZokc5A=="
    },
    "@cspell/dict-fonts@4.0.5": {
      "integrity": "sha512-BbpkX10DUX/xzHs6lb7yzDf/LPjwYIBJHJlUXSBXDtK/1HaeS+Wqol4Mlm2+NAgZ7ikIE5DQMViTgBUY3ezNoQ=="
    },
    "@cspell/dict-fsharp@1.1.1": {
      "integrity": "sha512-imhs0u87wEA4/cYjgzS0tAyaJpwG7vwtC8UyMFbwpmtw+/bgss+osNfyqhYRyS/ehVCWL17Ewx2UPkexjKyaBA=="
    },
    "@cspell/dict-fullstack@3.2.7": {
      "integrity": "sha512-IxEk2YAwAJKYCUEgEeOg3QvTL4XLlyArJElFuMQevU1dPgHgzWElFevN5lsTFnvMFA1riYsVinqJJX0BanCFEg=="
    },
    "@cspell/dict-gaming-terms@1.1.2": {
      "integrity": "sha512-9XnOvaoTBscq0xuD6KTEIkk9hhdfBkkvJAIsvw3JMcnp1214OCGW8+kako5RqQ2vTZR3Tnf3pc57o7VgkM0q1Q=="
    },
    "@cspell/dict-git@3.0.7": {
      "integrity": "sha512-odOwVKgfxCQfiSb+nblQZc4ErXmnWEnv8XwkaI4sNJ7cNmojnvogYVeMqkXPjvfrgEcizEEA4URRD2Ms5PDk1w=="
    },
    "@cspell/dict-golang@6.0.23": {
      "integrity": "sha512-oXqUh/9dDwcmVlfUF5bn3fYFqbUzC46lXFQmi5emB0vYsyQXdNWsqi6/yH3uE7bdRE21nP7Yo0mR1jjFNyLamg=="
    },
    "@cspell/dict-google@1.0.9": {
      "integrity": "sha512-biL65POqialY0i4g6crj7pR6JnBkbsPovB2WDYkj3H4TuC/QXv7Pu5pdPxeUJA6TSCHI7T5twsO4VSVyRxD9CA=="
    },
    "@cspell/dict-haskell@4.0.6": {
      "integrity": "sha512-ib8SA5qgftExpYNjWhpYIgvDsZ/0wvKKxSP+kuSkkak520iPvTJumEpIE+qPcmJQo4NzdKMN8nEfaeci4OcFAQ=="
    },
    "@cspell/dict-html-symbol-entities@4.0.4": {
      "integrity": "sha512-afea+0rGPDeOV9gdO06UW183Qg6wRhWVkgCFwiO3bDupAoyXRuvupbb5nUyqSTsLXIKL8u8uXQlJ9pkz07oVXw=="
    },
    "@cspell/dict-html@4.0.12": {
      "integrity": "sha512-JFffQ1dDVEyJq6tCDWv0r/RqkdSnV43P2F/3jJ9rwLgdsOIXwQbXrz6QDlvQLVvNSnORH9KjDtenFTGDyzfCaA=="
    },
    "@cspell/dict-java@5.0.12": {
      "integrity": "sha512-qPSNhTcl7LGJ5Qp6VN71H8zqvRQK04S08T67knMq9hTA8U7G1sTKzLmBaDOFhq17vNX/+rT+rbRYp+B5Nwza1A=="
    },
    "@cspell/dict-julia@1.1.1": {
      "integrity": "sha512-WylJR9TQ2cgwd5BWEOfdO3zvDB+L7kYFm0I9u0s9jKHWQ6yKmfKeMjU9oXxTBxIufhCXm92SKwwVNAC7gjv+yA=="
    },
    "@cspell/dict-k8s@1.0.12": {
      "integrity": "sha512-2LcllTWgaTfYC7DmkMPOn9GsBWsA4DZdlun4po8s2ysTP7CPEnZc1ZfK6pZ2eI4TsZemlUQQ+NZxMe9/QutQxg=="
    },
    "@cspell/dict-kotlin@1.1.1": {
      "integrity": "sha512-J3NzzfgmxRvEeOe3qUXnSJQCd38i/dpF9/t3quuWh6gXM+krsAXP75dY1CzDmS8mrJAlBdVBeAW5eAZTD8g86Q=="
    },
    "@cspell/dict-latex@4.0.4": {
      "integrity": "sha512-YdTQhnTINEEm/LZgTzr9Voz4mzdOXH7YX+bSFs3hnkUHCUUtX/mhKgf1CFvZ0YNM2afjhQcmLaR9bDQVyYBvpA=="
    },
    "@cspell/dict-lorem-ipsum@4.0.5": {
      "integrity": "sha512-9a4TJYRcPWPBKkQAJ/whCu4uCAEgv/O2xAaZEI0n4y1/l18Yyx8pBKoIX5QuVXjjmKEkK7hi5SxyIsH7pFEK9Q=="
    },
    "@cspell/dict-lua@4.0.8": {
      "integrity": "sha512-N4PkgNDMu9JVsRu7JBS/3E/dvfItRgk9w5ga2dKq+JupP2Y3lojNaAVFhXISh4Y0a6qXDn2clA6nvnavQ/jjLA=="
    },
    "@cspell/dict-makefile@1.0.5": {
      "integrity": "sha512-4vrVt7bGiK8Rx98tfRbYo42Xo2IstJkAF4tLLDMNQLkQ86msDlYSKG1ZCk8Abg+EdNcFAjNhXIiNO+w4KflGAQ=="
    },
    "@cspell/dict-markdown@2.0.12_@cspell+dict-css@4.0.18_@cspell+dict-html@4.0.12_@cspell+dict-html-symbol-entities@4.0.4_@cspell+dict-typescript@3.2.3": {
      "integrity": "sha512-ufwoliPijAgWkD/ivAMC+A9QD895xKiJRF/fwwknQb7kt7NozTLKFAOBtXGPJAB4UjhGBpYEJVo2elQ0FCAH9A==",
      "dependencies": [
        "@cspell/dict-css",
        "@cspell/dict-html",
        "@cspell/dict-html-symbol-entities",
        "@cspell/dict-typescript"
      ]
    },
    "@cspell/dict-monkeyc@1.0.11": {
      "integrity": "sha512-7Q1Ncu0urALI6dPTrEbSTd//UK0qjRBeaxhnm8uY5fgYNFYAG+u4gtnTIo59S6Bw5P++4H3DiIDYoQdY/lha8w=="
    },
    "@cspell/dict-node@5.0.8": {
      "integrity": "sha512-AirZcN2i84ynev3p2/1NCPEhnNsHKMz9zciTngGoqpdItUb2bDt1nJBjwlsrFI78GZRph/VaqTVFwYikmncpXg=="
    },
    "@cspell/dict-npm@5.2.17": {
      "integrity": "sha512-0yp7lBXtN3CtxBrpvTu/yAuPdOHR2ucKzPxdppc3VKO068waZNpKikn1NZCzBS3dIAFGVITzUPtuTXxt9cxnSg=="
    },
    "@cspell/dict-php@4.0.15": {
      "integrity": "sha512-iepGB2gtToMWSTvybesn4/lUp4LwXcEm0s8vasJLP76WWVkq1zYjmeS+WAIzNgsuURyZ/9mGqhS0CWMuo74ODw=="
    },
    "@cspell/dict-powershell@5.0.15": {
      "integrity": "sha512-l4S5PAcvCFcVDMJShrYD0X6Huv9dcsQPlsVsBGbH38wvuN7gS7+GxZFAjTNxDmTY1wrNi1cCatSg6Pu2BW4rgg=="
    },
    "@cspell/dict-public-licenses@2.0.15": {
      "integrity": "sha512-cJEOs901H13Pfy0fl4dCD1U+xpWIMaEPq8MeYU83FfDZvellAuSo4GqWCripfIqlhns/L6+UZEIJSOZnjgy7Wg=="
    },
    "@cspell/dict-python@4.2.19": {
      "integrity": "sha512-9S2gTlgILp1eb6OJcVZeC8/Od83N8EqBSg5WHVpx97eMMJhifOzePkE0kDYjyHMtAFznCQTUu0iQEJohNQ5B0A==",
      "dependencies": [
        "@cspell/dict-data-science"
      ]
    },
    "@cspell/dict-r@2.1.1": {
      "integrity": "sha512-71Ka+yKfG4ZHEMEmDxc6+blFkeTTvgKbKAbwiwQAuKl3zpqs1Y0vUtwW2N4b3LgmSPhV3ODVY0y4m5ofqDuKMw=="
    },
    "@cspell/dict-ruby@5.0.9": {
      "integrity": "sha512-H2vMcERMcANvQshAdrVx0XoWaNX8zmmiQN11dZZTQAZaNJ0xatdJoSqY8C8uhEMW89bfgpN+NQgGuDXW2vmXEw=="
    },
    "@cspell/dict-rust@4.0.12": {
      "integrity": "sha512-z2QiH+q9UlNhobBJArvILRxV8Jz0pKIK7gqu4TgmEYyjiu1TvnGZ1tbYHeu9w3I/wOP6UMDoCBTty5AlYfW0mw=="
    },
    "@cspell/dict-scala@5.0.8": {
      "integrity": "sha512-YdftVmumv8IZq9zu1gn2U7A4bfM2yj9Vaupydotyjuc+EEZZSqAafTpvW/jKLWji2TgybM1L2IhmV0s/Iv9BTw=="
    },
    "@cspell/dict-shell@1.1.1": {
      "integrity": "sha512-T37oYxE7OV1x/1D4/13Y8JZGa1QgDCXV7AVt3HLXjn0Fe3TaNDvf5sU0fGnXKmBPqFFrHdpD3uutAQb1dlp15g=="
    },
    "@cspell/dict-software-terms@5.1.8": {
      "integrity": "sha512-iwCHLP11OmVHEX2MzE8EPxpPw7BelvldxWe5cJ3xXIDL8TjF2dBTs2noGcrqnZi15SLYIlO8897BIOa33WHHZA=="
    },
    "@cspell/dict-sql@2.2.1": {
      "integrity": "sha512-qDHF8MpAYCf4pWU8NKbnVGzkoxMNrFqBHyG/dgrlic5EQiKANCLELYtGlX5auIMDLmTf1inA0eNtv74tyRJ/vg=="
    },
    "@cspell/dict-svelte@1.0.7": {
      "integrity": "sha512-hGZsGqP0WdzKkdpeVLBivRuSNzOTvN036EBmpOwxH+FTY2DuUH7ecW+cSaMwOgmq5JFSdTcbTNFlNC8HN8lhaQ=="
    },
    "@cspell/dict-swift@2.0.6": {
      "integrity": "sha512-PnpNbrIbex2aqU1kMgwEKvCzgbkHtj3dlFLPMqW1vSniop7YxaDTtvTUO4zA++ugYAEL+UK8vYrBwDPTjjvSnA=="
    },
    "@cspell/dict-terraform@1.1.3": {
      "integrity": "sha512-gr6wxCydwSFyyBKhBA2xkENXtVFToheqYYGFvlMZXWjviynXmh+NK/JTvTCk/VHk3+lzbO9EEQKee6VjrAUSbA=="
    },
    "@cspell/dict-typescript@3.2.3": {
      "integrity": "sha512-zXh1wYsNljQZfWWdSPYwQhpwiuW0KPW1dSd8idjMRvSD0aSvWWHoWlrMsmZeRl4qM4QCEAjua8+cjflm41cQBg=="
    },
    "@cspell/dict-vue@3.0.5": {
      "integrity": "sha512-Mqutb8jbM+kIcywuPQCCaK5qQHTdaByoEO2J9LKFy3sqAdiBogNkrplqUK0HyyRFgCfbJUgjz3N85iCMcWH0JA=="
    },
    "@cspell/dynamic-import@9.2.1": {
      "integrity": "sha512-izYQbk7ck0ffNA1gf7Gi3PkUEjj+crbYeyNK1hxHx5A+GuR416ozs0aEyp995KI2v9HZlXscOj3SC3wrWzHZeA==",
      "dependencies": [
        "@cspell/url",
        "import-meta-resolve"
      ]
    },
    "@cspell/filetypes@9.2.1": {
      "integrity": "sha512-Dy1y1pQ+7hi2gPs+jERczVkACtYbUHcLodXDrzpipoxgOtVxMcyZuo+84WYHImfu0gtM0wU2uLObaVgMSTnytw=="
    },
    "@cspell/strong-weak-map@9.2.1": {
      "integrity": "sha512-1HsQWZexvJSjDocVnbeAWjjgqWE/0op/txxzDPvDqI2sE6pY0oO4Cinj2I8z+IP+m6/E6yjPxdb23ydbQbPpJQ=="
    },
    "@cspell/url@9.2.1": {
      "integrity": "sha512-9EHCoGKtisPNsEdBQ28tKxKeBmiVS3D4j+AN8Yjr+Dmtu+YACKGWiMOddNZG2VejQNIdFx7FwzU00BGX68ELhA=="
    },
    "@emnapi/core@1.5.0": {
      "integrity": "sha512-sbP8GzB1WDzacS8fgNPpHlp6C9VZe+SJP3F90W9rLemaQj2PzIuTEl1qDOYQf58YIpyjViI24y9aPWCjEzY2cg==",
      "dependencies": [
        "@emnapi/wasi-threads",
        "tslib"
      ]
    },
    "@emnapi/runtime@1.5.0": {
      "integrity": "sha512-97/BJ3iXHww3djw6hYIfErCZFee7qCtrneuLa20UXFCOTCfBM2cvQHjWJ2EG0s0MtdNwInarqCTz35i4wWXHsQ==",
      "dependencies": [
        "tslib"
      ]
    },
    "@emnapi/wasi-threads@1.1.0": {
      "integrity": "sha512-WI0DdZ8xFSbgMjR1sFsKABJ/C5OnRrjT06JXbZKexJGrDuPTzZdDYfFlsgcCXCyf+suG5QU2e/y1Wo2V/OapLQ==",
      "dependencies": [
        "tslib"
      ]
    },
    "@esbuild/aix-ppc64@0.25.4": {
      "integrity": "sha512-1VCICWypeQKhVbE9oW/sJaAmjLxhVqacdkvPLEjwlttjfwENRSClS8EjBz0KzRyFSCPDIkuXW34Je/vk7zdB7Q==",
      "os": ["aix"],
      "cpu": ["ppc64"]
    },
    "@esbuild/android-arm64@0.25.4": {
      "integrity": "sha512-bBy69pgfhMGtCnwpC/x5QhfxAz/cBgQ9enbtwjf6V9lnPI/hMyT9iWpR1arm0l3kttTr4L0KSLpKmLp/ilKS9A==",
      "os": ["android"],
      "cpu": ["arm64"]
    },
    "@esbuild/android-arm@0.25.4": {
      "integrity": "sha512-QNdQEps7DfFwE3hXiU4BZeOV68HHzYwGd0Nthhd3uCkkEKK7/R6MTgM0P7H7FAs5pU/DIWsviMmEGxEoxIZ+ZQ==",
      "os": ["android"],
      "cpu": ["arm"]
    },
    "@esbuild/android-x64@0.25.4": {
      "integrity": "sha512-TVhdVtQIFuVpIIR282btcGC2oGQoSfZfmBdTip2anCaVYcqWlZXGcdcKIUklfX2wj0JklNYgz39OBqh2cqXvcQ==",
      "os": ["android"],
      "cpu": ["x64"]
    },
    "@esbuild/darwin-arm64@0.25.4": {
      "integrity": "sha512-Y1giCfM4nlHDWEfSckMzeWNdQS31BQGs9/rouw6Ub91tkK79aIMTH3q9xHvzH8d0wDru5Ci0kWB8b3up/nl16g==",
      "os": ["darwin"],
      "cpu": ["arm64"]
    },
    "@esbuild/darwin-x64@0.25.4": {
      "integrity": "sha512-CJsry8ZGM5VFVeyUYB3cdKpd/H69PYez4eJh1W/t38vzutdjEjtP7hB6eLKBoOdxcAlCtEYHzQ/PJ/oU9I4u0A==",
      "os": ["darwin"],
      "cpu": ["x64"]
    },
    "@esbuild/freebsd-arm64@0.25.4": {
      "integrity": "sha512-yYq+39NlTRzU2XmoPW4l5Ifpl9fqSk0nAJYM/V/WUGPEFfek1epLHJIkTQM6bBs1swApjO5nWgvr843g6TjxuQ==",
      "os": ["freebsd"],
      "cpu": ["arm64"]
    },
    "@esbuild/freebsd-x64@0.25.4": {
      "integrity": "sha512-0FgvOJ6UUMflsHSPLzdfDnnBBVoCDtBTVyn/MrWloUNvq/5SFmh13l3dvgRPkDihRxb77Y17MbqbCAa2strMQQ==",
      "os": ["freebsd"],
      "cpu": ["x64"]
    },
    "@esbuild/linux-arm64@0.25.4": {
      "integrity": "sha512-+89UsQTfXdmjIvZS6nUnOOLoXnkUTB9hR5QAeLrQdzOSWZvNSAXAtcRDHWtqAUtAmv7ZM1WPOOeSxDzzzMogiQ==",
      "os": ["linux"],
      "cpu": ["arm64"]
    },
    "@esbuild/linux-arm@0.25.4": {
      "integrity": "sha512-kro4c0P85GMfFYqW4TWOpvmF8rFShbWGnrLqlzp4X1TNWjRY3JMYUfDCtOxPKOIY8B0WC8HN51hGP4I4hz4AaQ==",
      "os": ["linux"],
      "cpu": ["arm"]
    },
    "@esbuild/linux-ia32@0.25.4": {
      "integrity": "sha512-yTEjoapy8UP3rv8dB0ip3AfMpRbyhSN3+hY8mo/i4QXFeDxmiYbEKp3ZRjBKcOP862Ua4b1PDfwlvbuwY7hIGQ==",
      "os": ["linux"],
      "cpu": ["ia32"]
    },
    "@esbuild/linux-loong64@0.25.4": {
      "integrity": "sha512-NeqqYkrcGzFwi6CGRGNMOjWGGSYOpqwCjS9fvaUlX5s3zwOtn1qwg1s2iE2svBe4Q/YOG1q6875lcAoQK/F4VA==",
      "os": ["linux"],
      "cpu": ["loong64"]
    },
    "@esbuild/linux-mips64el@0.25.4": {
      "integrity": "sha512-IcvTlF9dtLrfL/M8WgNI/qJYBENP3ekgsHbYUIzEzq5XJzzVEV/fXY9WFPfEEXmu3ck2qJP8LG/p3Q8f7Zc2Xg==",
      "os": ["linux"],
      "cpu": ["mips64el"]
    },
    "@esbuild/linux-ppc64@0.25.4": {
      "integrity": "sha512-HOy0aLTJTVtoTeGZh4HSXaO6M95qu4k5lJcH4gxv56iaycfz1S8GO/5Jh6X4Y1YiI0h7cRyLi+HixMR+88swag==",
      "os": ["linux"],
      "cpu": ["ppc64"]
    },
    "@esbuild/linux-riscv64@0.25.4": {
      "integrity": "sha512-i8JUDAufpz9jOzo4yIShCTcXzS07vEgWzyX3NH2G7LEFVgrLEhjwL3ajFE4fZI3I4ZgiM7JH3GQ7ReObROvSUA==",
      "os": ["linux"],
      "cpu": ["riscv64"]
    },
    "@esbuild/linux-s390x@0.25.4": {
      "integrity": "sha512-jFnu+6UbLlzIjPQpWCNh5QtrcNfMLjgIavnwPQAfoGx4q17ocOU9MsQ2QVvFxwQoWpZT8DvTLooTvmOQXkO51g==",
      "os": ["linux"],
      "cpu": ["s390x"]
    },
    "@esbuild/linux-x64@0.25.4": {
      "integrity": "sha512-6e0cvXwzOnVWJHq+mskP8DNSrKBr1bULBvnFLpc1KY+d+irZSgZ02TGse5FsafKS5jg2e4pbvK6TPXaF/A6+CA==",
      "os": ["linux"],
      "cpu": ["x64"]
    },
    "@esbuild/netbsd-arm64@0.25.4": {
      "integrity": "sha512-vUnkBYxZW4hL/ie91hSqaSNjulOnYXE1VSLusnvHg2u3jewJBz3YzB9+oCw8DABeVqZGg94t9tyZFoHma8gWZQ==",
      "os": ["netbsd"],
      "cpu": ["arm64"]
    },
    "@esbuild/netbsd-x64@0.25.4": {
      "integrity": "sha512-XAg8pIQn5CzhOB8odIcAm42QsOfa98SBeKUdo4xa8OvX8LbMZqEtgeWE9P/Wxt7MlG2QqvjGths+nq48TrUiKw==",
      "os": ["netbsd"],
      "cpu": ["x64"]
    },
    "@esbuild/openbsd-arm64@0.25.4": {
      "integrity": "sha512-Ct2WcFEANlFDtp1nVAXSNBPDxyU+j7+tId//iHXU2f/lN5AmO4zLyhDcpR5Cz1r08mVxzt3Jpyt4PmXQ1O6+7A==",
      "os": ["openbsd"],
      "cpu": ["arm64"]
    },
    "@esbuild/openbsd-x64@0.25.4": {
      "integrity": "sha512-xAGGhyOQ9Otm1Xu8NT1ifGLnA6M3sJxZ6ixylb+vIUVzvvd6GOALpwQrYrtlPouMqd/vSbgehz6HaVk4+7Afhw==",
      "os": ["openbsd"],
      "cpu": ["x64"]
    },
    "@esbuild/sunos-x64@0.25.4": {
      "integrity": "sha512-Mw+tzy4pp6wZEK0+Lwr76pWLjrtjmJyUB23tHKqEDP74R3q95luY/bXqXZeYl4NYlvwOqoRKlInQialgCKy67Q==",
      "os": ["sunos"],
      "cpu": ["x64"]
    },
    "@esbuild/win32-arm64@0.25.4": {
      "integrity": "sha512-AVUP428VQTSddguz9dO9ngb+E5aScyg7nOeJDrF1HPYu555gmza3bDGMPhmVXL8svDSoqPCsCPjb265yG/kLKQ==",
      "os": ["win32"],
      "cpu": ["arm64"]
    },
    "@esbuild/win32-ia32@0.25.4": {
      "integrity": "sha512-i1sW+1i+oWvQzSgfRcxxG2k4I9n3O9NRqy8U+uugaT2Dy7kLO9Y7wI72haOahxceMX8hZAzgGou1FhndRldxRg==",
      "os": ["win32"],
      "cpu": ["ia32"]
    },
    "@esbuild/win32-x64@0.25.4": {
      "integrity": "sha512-nOT2vZNw6hJ+z43oP1SPea/G/6AbN6X+bGNhNuq8NtRHy4wsMhw765IKLNmnjek7GvjWBYQ8Q5VBoYTFg9y1UQ==",
      "os": ["win32"],
      "cpu": ["x64"]
    },
    "@jridgewell/gen-mapping@0.3.13": {
      "integrity": "sha512-2kkt/7niJ6MgEPxF0bYdQ6etZaA+fQvDcLKckhy1yIQOzaoKjBBjSj63/aLVjYE3qhRt5dvM+uUyfCg6UKCBbA==",
      "dependencies": [
        "@jridgewell/sourcemap-codec",
        "@jridgewell/trace-mapping"
      ]
    },
    "@jridgewell/resolve-uri@3.1.2": {
      "integrity": "sha512-bRISgCIjP20/tbWSPWMEi54QVPRZExkuD9lJL+UIxUKtwVJA8wW1Trb1jMs1RFXo1CBTNZ/5hpC9QvmKWdopKw=="
    },
    "@jridgewell/sourcemap-codec@1.5.5": {
      "integrity": "sha512-cYQ9310grqxueWbl+WuIUIaiUaDcj7WOq5fVhEljNVgRfOUhY9fy2zTvfoqWsnebh8Sl70VScFbICvJnLKB0Og=="
    },
    "@jridgewell/trace-mapping@0.3.31": {
      "integrity": "sha512-zzNR+SdQSDJzc8joaeP8QQoCQr8NuYx2dIIytl1QeBEZHJ9uW6hebsrYgbz8hJwUQao3TWCMtmfV8Nu1twOLAw==",
      "dependencies": [
        "@jridgewell/resolve-uri",
        "@jridgewell/sourcemap-codec"
      ]
    },
    "@napi-rs/wasm-runtime@1.0.5": {
      "integrity": "sha512-TBr9Cf9onSAS2LQ2+QHx6XcC6h9+RIzJgbqG3++9TUZSH204AwEy5jg3BTQ0VATsyoGj4ee49tN/y6rvaOOtcg==",
      "dependencies": [
        "@emnapi/core",
        "@emnapi/runtime",
        "@tybys/wasm-util"
      ]
    },
    "@oxc-project/types@0.92.0": {
      "integrity": "sha512-PDLfCbwgXjGdTBxzcuDOUxJYNBl6P8dOp3eDKWw54dYvqONan9rwGDRQU0zrkdEMiItfXQQUOI17uOcMX5Zm7A=="
    },
    "@pkgjs/parseargs@0.11.0": {
      "integrity": "sha512-+1VkjdD0QBLPodGrJUeqarH8VAIvQODIbwh9XpP5Syisf7YoQgsJKPNFoqqLQlu+VQ/tVSshMR6loPMn8U+dPg=="
    },
    "@quansync/fs@0.1.5": {
      "integrity": "sha512-lNS9hL2aS2NZgNW7BBj+6EBl4rOf8l+tQ0eRY6JWCI8jI2kc53gSoqbjojU0OnAWhzoXiOjFyGsHcDGePB3lhA==",
      "dependencies": [
        "quansync"
      ]
    },
    "@rolldown/binding-android-arm64@1.0.0-beta.40": {
      "integrity": "sha512-9Ii9phC7QU6Lb+ncMfG1Xlosq0NBB1N/4sw+EGZ3y0BBWGy02TOb5ghWZalphAKv9rn1goqo5WkBjyd2YvsLmA==",
      "os": ["android"],
      "cpu": ["arm64"]
    },
    "@rolldown/binding-darwin-arm64@1.0.0-beta.40": {
      "integrity": "sha512-5O6d0y2tBQTL+ecQY3qXIwSnF1/Zik8q7LZMKeyF+VJ9l194d0IdMhl2zUF0cqWbYHuF4Pnxplk4OhurPQ/Z9Q==",
      "os": ["darwin"],
      "cpu": ["arm64"]
    },
    "@rolldown/binding-darwin-x64@1.0.0-beta.40": {
      "integrity": "sha512-izB9jygt3miPQbOTZfSu5K51isUplqa8ysByOKQqcJHgrBWmbTU8TM9eouv6tRmBR0kjcEcID9xhmA1CeZ1VIg==",
      "os": ["darwin"],
      "cpu": ["x64"]
    },
    "@rolldown/binding-freebsd-x64@1.0.0-beta.40": {
      "integrity": "sha512-2fdpEpKT+wwP0vig9dqxu+toTeWmVSjo3psJQVDeLJ51rO+GXcCJ1IkCXjhMKVEevNtZS7B8T8Z2vvmRV9MAdA==",
      "os": ["freebsd"],
      "cpu": ["x64"]
    },
    "@rolldown/binding-linux-arm-gnueabihf@1.0.0-beta.40": {
      "integrity": "sha512-HP2lo78OWULN+8TewpLbS9PS00jh0CaF04tA2u8z2I+6QgVgrYOYKvX+T0hlO5smgso4+qb3YchzumWJl3yCPQ==",
      "os": ["linux"],
      "cpu": ["arm"]
    },
    "@rolldown/binding-linux-arm64-gnu@1.0.0-beta.40": {
      "integrity": "sha512-ng00gfr9BhA2NPAOU5RWAlTiL+JcwAD+L+4yUD1sbBy6tgHdLiNBOvKtHISIF9RM9/eQeS0tAiWOYZGIH9JMew==",
      "os": ["linux"],
      "cpu": ["arm64"]
    },
    "@rolldown/binding-linux-arm64-musl@1.0.0-beta.40": {
      "integrity": "sha512-mF0R1l9kLcaag/9cLEiYYdNZ4v1uuX4jklSDZ1s6vJE4RB3LirUney0FavdVRwCJ5sDvfvsPgXgtBXWYr2M2tQ==",
      "os": ["linux"],
      "cpu": ["arm64"]
    },
    "@rolldown/binding-linux-x64-gnu@1.0.0-beta.40": {
      "integrity": "sha512-+wi08S7wT5iLPHRZb0USrS6n+T6m+yY++dePYedE5uvKIpWCJJioFTaRtWjpm0V6dVNLcq2OukrvfdlGtH9Wgg==",
      "os": ["linux"],
      "cpu": ["x64"]
    },
    "@rolldown/binding-linux-x64-musl@1.0.0-beta.40": {
      "integrity": "sha512-W5qBGAemUocIBKCcOsDjlV9GUt28qhl/+M6etWBeLS5gQK0J6XDg0YVzfOQdvq57ZGjYNP0NvhYzqhOOnEx+4g==",
      "os": ["linux"],
      "cpu": ["x64"]
    },
    "@rolldown/binding-openharmony-arm64@1.0.0-beta.40": {
      "integrity": "sha512-vJwoDehtt+yqj2zacq1AqNc2uE/oh7mnRGqAUbuldV6pgvU01OSQUJ7Zu+35hTopnjFoDNN6mIezkYlGAv5RFA==",
      "os": ["openharmony"],
      "cpu": ["arm64"]
    },
    "@rolldown/binding-wasm32-wasi@1.0.0-beta.40": {
      "integrity": "sha512-Oj3YyqVUPurr1FlMpEE/bJmMC+VWAWPM/SGUfklO5KUX97bk5Q/733nPg4RykK8q8/TluJoQYvRc05vL/B74dw==",
      "dependencies": [
        "@napi-rs/wasm-runtime"
      ],
      "cpu": ["wasm32"]
    },
    "@rolldown/binding-win32-arm64-msvc@1.0.0-beta.40": {
      "integrity": "sha512-0ZtO6yN8XjVoFfN4HDWQj4nDu3ndMybr7jIM00DJqOmc+yFhly7rdOy7fNR9Sky3leCpBtsXfepVqRmVpYKPVA==",
      "os": ["win32"],
      "cpu": ["arm64"]
    },
    "@rolldown/binding-win32-ia32-msvc@1.0.0-beta.40": {
      "integrity": "sha512-BPl1inoJXPpIe38Ja46E4y11vXlJyuleo+9Rmu//pYL5fIDYJkXUj/oAXqjSuwLcssrcwnuPgzvzvlz9++cr3w==",
      "os": ["win32"],
      "cpu": ["ia32"]
    },
    "@rolldown/binding-win32-x64-msvc@1.0.0-beta.40": {
      "integrity": "sha512-UguA4ltbAk+nbwHRxqaUP/etpTbR0HjyNlsu4Zjbh/ytNbFsbw8CA4tEBkwDyjgI5NIPea6xY11zpl7R2/ddVA==",
      "os": ["win32"],
      "cpu": ["x64"]
    },
    "@rolldown/pluginutils@1.0.0-beta.40": {
      "integrity": "sha512-s3GeJKSQOwBlzdUrj4ISjJj5SfSh+aqn0wjOar4Bx95iV1ETI7F6S/5hLcfAxZ9kXDcyrAkxPlqmd1ZITttf+w=="
    },
    "@rollup/rollup-android-arm-eabi@4.40.2": {
      "integrity": "sha512-JkdNEq+DFxZfUwxvB58tHMHBHVgX23ew41g1OQinthJ+ryhdRk67O31S7sYw8u2lTjHUPFxwar07BBt1KHp/hg==",
      "os": ["android"],
      "cpu": ["arm"]
    },
    "@rollup/rollup-android-arm64@4.40.2": {
      "integrity": "sha512-13unNoZ8NzUmnndhPTkWPWbX3vtHodYmy+I9kuLxN+F+l+x3LdVF7UCu8TWVMt1POHLh6oDHhnOA04n8oJZhBw==",
      "os": ["android"],
      "cpu": ["arm64"]
    },
    "@rollup/rollup-darwin-arm64@4.40.2": {
      "integrity": "sha512-Gzf1Hn2Aoe8VZzevHostPX23U7N5+4D36WJNHK88NZHCJr7aVMG4fadqkIf72eqVPGjGc0HJHNuUaUcxiR+N/w==",
      "os": ["darwin"],
      "cpu": ["arm64"]
    },
    "@rollup/rollup-darwin-x64@4.40.2": {
      "integrity": "sha512-47N4hxa01a4x6XnJoskMKTS8XZ0CZMd8YTbINbi+w03A2w4j1RTlnGHOz/P0+Bg1LaVL6ufZyNprSg+fW5nYQQ==",
      "os": ["darwin"],
      "cpu": ["x64"]
    },
    "@rollup/rollup-freebsd-arm64@4.40.2": {
      "integrity": "sha512-8t6aL4MD+rXSHHZUR1z19+9OFJ2rl1wGKvckN47XFRVO+QL/dUSpKA2SLRo4vMg7ELA8pzGpC+W9OEd1Z/ZqoQ==",
      "os": ["freebsd"],
      "cpu": ["arm64"]
    },
    "@rollup/rollup-freebsd-x64@4.40.2": {
      "integrity": "sha512-C+AyHBzfpsOEYRFjztcYUFsH4S7UsE9cDtHCtma5BK8+ydOZYgMmWg1d/4KBytQspJCld8ZIujFMAdKG1xyr4Q==",
      "os": ["freebsd"],
      "cpu": ["x64"]
    },
    "@rollup/rollup-linux-arm-gnueabihf@4.40.2": {
      "integrity": "sha512-de6TFZYIvJwRNjmW3+gaXiZ2DaWL5D5yGmSYzkdzjBDS3W+B9JQ48oZEsmMvemqjtAFzE16DIBLqd6IQQRuG9Q==",
      "os": ["linux"],
      "cpu": ["arm"]
    },
    "@rollup/rollup-linux-arm-musleabihf@4.40.2": {
      "integrity": "sha512-urjaEZubdIkacKc930hUDOfQPysezKla/O9qV+O89enqsqUmQm8Xj8O/vh0gHg4LYfv7Y7UsE3QjzLQzDYN1qg==",
      "os": ["linux"],
      "cpu": ["arm"]
    },
    "@rollup/rollup-linux-arm64-gnu@4.40.2": {
      "integrity": "sha512-KlE8IC0HFOC33taNt1zR8qNlBYHj31qGT1UqWqtvR/+NuCVhfufAq9fxO8BMFC22Wu0rxOwGVWxtCMvZVLmhQg==",
      "os": ["linux"],
      "cpu": ["arm64"]
    },
    "@rollup/rollup-linux-arm64-musl@4.40.2": {
      "integrity": "sha512-j8CgxvfM0kbnhu4XgjnCWJQyyBOeBI1Zq91Z850aUddUmPeQvuAy6OiMdPS46gNFgy8gN1xkYyLgwLYZG3rBOg==",
      "os": ["linux"],
      "cpu": ["arm64"]
    },
    "@rollup/rollup-linux-loongarch64-gnu@4.40.2": {
      "integrity": "sha512-Ybc/1qUampKuRF4tQXc7G7QY9YRyeVSykfK36Y5Qc5dmrIxwFhrOzqaVTNoZygqZ1ZieSWTibfFhQ5qK8jpWxw==",
      "os": ["linux"],
      "cpu": ["loong64"]
    },
    "@rollup/rollup-linux-powerpc64le-gnu@4.40.2": {
      "integrity": "sha512-3FCIrnrt03CCsZqSYAOW/k9n625pjpuMzVfeI+ZBUSDT3MVIFDSPfSUgIl9FqUftxcUXInvFah79hE1c9abD+Q==",
      "os": ["linux"],
      "cpu": ["ppc64"]
    },
    "@rollup/rollup-linux-riscv64-gnu@4.40.2": {
      "integrity": "sha512-QNU7BFHEvHMp2ESSY3SozIkBPaPBDTsfVNGx3Xhv+TdvWXFGOSH2NJvhD1zKAT6AyuuErJgbdvaJhYVhVqrWTg==",
      "os": ["linux"],
      "cpu": ["riscv64"]
    },
    "@rollup/rollup-linux-riscv64-musl@4.40.2": {
      "integrity": "sha512-5W6vNYkhgfh7URiXTO1E9a0cy4fSgfE4+Hl5agb/U1sa0kjOLMLC1wObxwKxecE17j0URxuTrYZZME4/VH57Hg==",
      "os": ["linux"],
      "cpu": ["riscv64"]
    },
    "@rollup/rollup-linux-s390x-gnu@4.40.2": {
      "integrity": "sha512-B7LKIz+0+p348JoAL4X/YxGx9zOx3sR+o6Hj15Y3aaApNfAshK8+mWZEf759DXfRLeL2vg5LYJBB7DdcleYCoQ==",
      "os": ["linux"],
      "cpu": ["s390x"]
    },
    "@rollup/rollup-linux-x64-gnu@4.40.2": {
      "integrity": "sha512-lG7Xa+BmBNwpjmVUbmyKxdQJ3Q6whHjMjzQplOs5Z+Gj7mxPtWakGHqzMqNER68G67kmCX9qX57aRsW5V0VOng==",
      "os": ["linux"],
      "cpu": ["x64"]
    },
    "@rollup/rollup-linux-x64-musl@4.40.2": {
      "integrity": "sha512-tD46wKHd+KJvsmije4bUskNuvWKFcTOIM9tZ/RrmIvcXnbi0YK/cKS9FzFtAm7Oxi2EhV5N2OpfFB348vSQRXA==",
      "os": ["linux"],
      "cpu": ["x64"]
    },
    "@rollup/rollup-win32-arm64-msvc@4.40.2": {
      "integrity": "sha512-Bjv/HG8RRWLNkXwQQemdsWw4Mg+IJ29LK+bJPW2SCzPKOUaMmPEppQlu/Fqk1d7+DX3V7JbFdbkh/NMmurT6Pg==",
      "os": ["win32"],
      "cpu": ["arm64"]
    },
    "@rollup/rollup-win32-ia32-msvc@4.40.2": {
      "integrity": "sha512-dt1llVSGEsGKvzeIO76HToiYPNPYPkmjhMHhP00T9S4rDern8P2ZWvWAQUEJ+R1UdMWJ/42i/QqJ2WV765GZcA==",
      "os": ["win32"],
      "cpu": ["ia32"]
    },
    "@rollup/rollup-win32-x64-msvc@4.40.2": {
      "integrity": "sha512-bwspbWB04XJpeElvsp+DCylKfF4trJDa2Y9Go8O6A7YLX2LIKGcNK/CYImJN6ZP4DcuOHB4Utl3iCbnR62DudA==",
      "os": ["win32"],
      "cpu": ["x64"]
    },
    "@tybys/wasm-util@0.10.1": {
      "integrity": "sha512-9tTaPJLSiejZKx+Bmog4uSubteqTvFrVrURwkmHixBo0G4seD0zUxp98E1DzUBJxLQ3NPwXrGKDiVjwx/DpPsg==",
      "dependencies": [
        "tslib"
      ]
    },
    "@uzmoi/ut@0.1.1": {
      "integrity": "sha512-QbuviOzFi3Mi4zfoyULuxFSrT8hEvPLKX+Fh5VXaaMVf7e35iQFF2iFf/3eX8ASN8FmIh6jvu3fpJIJv8eXLpw=="
    },
    "ansis@4.2.0": {
      "integrity": "sha512-HqZ5rWlFjGiV0tDm3UxxgNRqsOTniqoKZu0pIAfh7TZQMGuZK+hH0drySty0si0QXj1ieop4+SkSfPZBPPkHig=="
    },
    "array-timsort@1.0.3": {
      "integrity": "sha512-/+3GRL7dDAGEfM6TseQk/U+mi18TU2Ms9I3UlLdUMhz2hbvGNTKdj9xniwXfUqgYhHxRx0+8UnKkvlNwVU+cWQ=="
    },
    "ast-kit@2.1.2": {
      "integrity": "sha512-cl76xfBQM6pztbrFWRnxbrDm9EOqDr1BF6+qQnnDZG2Co2LjyUktkN9GTJfBAfdae+DbT2nJf2nCGAdDDN7W2g==",
      "dependencies": [
        "@babel/parser",
        "pathe"
      ]
    },
    "birpc@2.6.1": {
      "integrity": "sha512-LPnFhlDpdSH6FJhJyn4M0kFO7vtQ5iPw24FnG0y21q09xC7e8+1LeR31S1MAIrDAHp4m7aas4bEkTDTvMAtebQ=="
    },
    "cac@6.7.14": {
      "integrity": "sha512-b6Ilus+c3RrdDk+JhLKUAQfzzgLEPy6wcXqS7f/xe1EETvsDP6GORG7SFuOs6cID5YkqchW/LXZbX5bc8j7ZcQ=="
    },
    "callsites@3.1.0": {
      "integrity": "sha512-P8BjAsXvZS+VIDUI11hHCQEv74YT67YUi5JJFNWIqL235sBmjX4+qx9Muvls5ivyNENctx46xQLQ3aTuE7ssaQ=="
    },
    "chalk-template@1.1.2": {
      "integrity": "sha512-2bxTP2yUH7AJj/VAXfcA+4IcWGdQ87HwBANLt5XxGTeomo8yG0y95N1um9i5StvhT/Bl0/2cARA5v1PpPXUxUA==",
      "dependencies": [
        "chalk"
      ]
    },
    "chalk@5.6.2": {
      "integrity": "sha512-7NzBL0rN6fMUW+f7A6Io4h40qQlG+xGmtMxfbnH/K7TAtt8JQWVQK+6g0UXKMeVJoyV5EkkNsErQ8pVD3bLHbA=="
    },
    "chokidar@4.0.3": {
      "integrity": "sha512-Qgzu8kfBvo+cA4962jnP1KkS6Dop5NS6g7R5LFYJr4b8Ub94PPQXUksCw9PvXoeXPRRddRNC5C1JQUR2SMGtnA==",
      "dependencies": [
        "readdirp"
      ]
    },
    "clear-module@4.1.2": {
      "integrity": "sha512-LWAxzHqdHsAZlPlEyJ2Poz6AIs384mPeqLVCru2p0BrP9G/kVGuhNyZYClLO6cXlnuJjzC8xtsJIuMjKqLXoAw==",
      "dependencies": [
        "parent-module@2.0.0",
        "resolve-from@5.0.0"
      ]
    },
    "commander@14.0.1": {
      "integrity": "sha512-2JkV3gUZUVrbNA+1sjBOYLsMZ5cEEl8GTFP2a4AVz5hvasAMCQ1D2l2le/cX+pV4N6ZU17zjUahLpIXRrnWL8A=="
    },
    "comment-json@4.3.0": {
      "integrity": "sha512-DczdmbvWLd09KATFWY0xcihOO45b32+5V34vZg1oelxqgjtGJotaLrrdFpJRLOdG6Wb031qcg4zOKgnQoBWbEw==",
      "dependencies": [
        "array-timsort",
        "core-util-is",
        "esprima"
      ]
    },
    "core-util-is@1.0.3": {
      "integrity": "sha512-ZQBvi1DcpJ4GDqanjucZ2Hj3wEO5pZDS89BWbkcrvdxksJorwUDDZamX9ldFkp9aw2lmBDLgkObEA4DWNJ9FYQ=="
    },
    "cspell-config-lib@9.2.1": {
      "integrity": "sha512-qqhaWW+0Ilc7493lXAlXjziCyeEmQbmPMc1XSJw2EWZmzb+hDvLdFGHoX18QU67yzBtu5hgQsJDEDZKvVDTsRA==",
      "dependencies": [
        "@cspell/cspell-types",
        "comment-json",
        "smol-toml",
        "yaml"
      ]
    },
    "cspell-dictionary@9.2.1": {
      "integrity": "sha512-0hQVFySPsoJ0fONmDPwCWGSG6SGj4ERolWdx4t42fzg5zMs+VYGXpQW4BJneQ5Tfxy98Wx8kPhmh/9E8uYzLTw==",
      "dependencies": [
        "@cspell/cspell-pipe",
        "@cspell/cspell-types",
        "cspell-trie-lib",
        "fast-equals"
      ]
    },
    "cspell-gitignore@9.2.1": {
      "integrity": "sha512-WPnDh03gXZoSqVyXq4L7t9ljx6lTDvkiSRUudb125egEK5e9s04csrQpLI3Yxcnc1wQA2nzDr5rX9XQVvCHf7g==",
      "dependencies": [
        "@cspell/url",
        "cspell-glob",
        "cspell-io"
      ],
      "bin": true
    },
    "cspell-glob@9.2.1": {
      "integrity": "sha512-CrT/6ld3rXhB36yWFjrx1SrMQzwDrGOLr+wYEnrWI719/LTYWWCiMFW7H+qhsJDTsR+ku8+OAmfRNBDXvh9mnQ==",
      "dependencies": [
        "@cspell/url",
        "picomatch"
      ]
    },
    "cspell-grammar@9.2.1": {
      "integrity": "sha512-10RGFG7ZTQPdwyW2vJyfmC1t8813y8QYRlVZ8jRHWzer9NV8QWrGnL83F+gTPXiKR/lqiW8WHmFlXR4/YMV+JQ==",
      "dependencies": [
        "@cspell/cspell-pipe",
        "@cspell/cspell-types"
      ],
      "bin": true
    },
    "cspell-io@9.2.1": {
      "integrity": "sha512-v9uWXtRzB+RF/Mzg5qMzpb8/yt+1bwtTt2rZftkLDLrx5ybVvy6rhRQK05gFWHmWVtWEe0P/pIxaG2Vz92C8Ag==",
      "dependencies": [
        "@cspell/cspell-service-bus",
        "@cspell/url"
      ]
    },
    "cspell-lib@9.2.1": {
      "integrity": "sha512-KeB6NHcO0g1knWa7sIuDippC3gian0rC48cvO0B0B0QwhOxNxWVp8cSmkycXjk4ijBZNa++IwFjeK/iEqMdahQ==",
      "dependencies": [
        "@cspell/cspell-bundled-dicts",
        "@cspell/cspell-pipe",
        "@cspell/cspell-resolver",
        "@cspell/cspell-types",
        "@cspell/dynamic-import",
        "@cspell/filetypes",
        "@cspell/strong-weak-map",
        "@cspell/url",
        "clear-module",
        "comment-json",
        "cspell-config-lib",
        "cspell-dictionary",
        "cspell-glob",
        "cspell-grammar",
        "cspell-io",
        "cspell-trie-lib",
        "env-paths",
        "fast-equals",
        "gensequence",
        "import-fresh",
        "resolve-from@5.0.0",
        "vscode-languageserver-textdocument",
        "vscode-uri",
        "xdg-basedir"
      ]
    },
    "cspell-trie-lib@9.2.1": {
      "integrity": "sha512-qOtbL+/tUzGFHH0Uq2wi7sdB9iTy66QNx85P7DKeRdX9ZH53uQd7qC4nEk+/JPclx1EgXX26svxr0jTGISJhLw==",
      "dependencies": [
        "@cspell/cspell-pipe",
        "@cspell/cspell-types",
        "gensequence"
      ]
    },
    "cspell@9.2.1": {
      "integrity": "sha512-PoKGKE9Tl87Sn/jwO4jvH7nTqe5Xrsz2DeJT5CkulY7SoL2fmsAqfbImQOFS2S0s36qD98t6VO+Ig2elEEcHew==",
      "dependencies": [
        "@cspell/cspell-json-reporter",
        "@cspell/cspell-pipe",
        "@cspell/cspell-types",
        "@cspell/dynamic-import",
        "@cspell/url",
        "chalk",
        "chalk-template",
        "commander",
        "cspell-config-lib",
        "cspell-dictionary",
        "cspell-gitignore",
        "cspell-glob",
        "cspell-io",
        "cspell-lib",
        "fast-json-stable-stringify",
        "flatted",
        "semver",
        "tinyglobby"
      ],
      "bin": true
    },
    "debug@4.4.3": {
      "integrity": "sha512-RGwwWnwQvkVfavKVt22FGLw+xYSdzARwm0ru6DhTVA3umU5hZc28V3kO4stgYryrTlLpuvgI9GiijltAjNbcqA==",
      "dependencies": [
        "ms"
      ]
    },
    "defu@6.1.4": {
      "integrity": "sha512-mEQCMmwJu317oSz8CwdIOdwf3xMif1ttiM8LTufzc3g6kR+9Pe236twL8j3IYT1F7GfRgGcW6MWxzZjLIkuHIg=="
    },
    "diff@8.0.2": {
      "integrity": "sha512-sSuxWU5j5SR9QQji/o2qMvqRNYRDOcBTgsJ/DeCf4iSN4gW+gNMXM7wFIP+fdXZxoNiAnHUTGjCr+TSWXdRDKg=="
    },
    "dts-resolver@2.1.2": {
      "integrity": "sha512-xeXHBQkn2ISSXxbJWD828PFjtyg+/UrMDo7W4Ffcs7+YWCquxU8YjV1KoxuiL+eJ5pg3ll+bC6flVv61L3LKZg=="
    },
    "empathic@2.0.0": {
      "integrity": "sha512-i6UzDscO/XfAcNYD75CfICkmfLedpyPDdozrLMmQc5ORaQcdMoc21OnlEylMIqI7U8eniKrPMxxtj8k0vhmJhA=="
    },
    "env-paths@3.0.0": {
      "integrity": "sha512-dtJUTepzMW3Lm/NPxRf3wP4642UWhjL2sQxc+ym2YMj1m/H2zDNQOlezafzkHwn6sMstjHTwG6iQQsctDW/b1A=="
    },
    "esprima@4.0.1": {
      "integrity": "sha512-eGuFFw7Upda+g4p+QHvnW0RyTX/SVeJBDM/gCtMARO0cLuT2HcEKnTPvhjV6aGeqrCB/sbNop0Kszm0jsaWU4A==",
      "bin": true
    },
    "fast-equals@5.3.2": {
      "integrity": "sha512-6rxyATwPCkaFIL3JLqw8qXqMpIZ942pTX/tbQFkRsDGblS8tNGtlUauA/+mt6RUfqn/4MoEr+WDkYoIQbibWuQ=="
    },
    "fast-json-stable-stringify@2.1.0": {
      "integrity": "sha512-lhd/wF+Lk98HZoTCtlVraHtfh5XYijIjalXck7saUtuanSDyLMxnHhSXEDJqHxD7msR8D0uCmqlkwjCV8xvwHw=="
    },
    "fdir@6.5.0_picomatch@4.0.3": {
      "integrity": "sha512-tIbYtZbucOs0BRGqPJkshJUYdL+SDH7dVM8gjy+ERp3WAUjLEFJE+02kanyHtwjWOnwrKYBiwAmM0p4kLJAnXg==",
      "dependencies": [
        "picomatch"
      ],
      "optionalPeers": [
        "picomatch"
      ]
    },
    "flatted@3.3.3": {
      "integrity": "sha512-GX+ysw4PBCz0PzosHDepZGANEuFCMLrnRTiEy9McGjmkCQYwRq4A/X786G/fjM/+OjsWSU1ZrY5qyARZmO/uwg=="
    },
    "fsevents@2.3.3": {
      "integrity": "sha512-5xoDfX+fL7faATnagmWPpbFtwh/R77WmMMqqHGS65C3vvB0YHrgF+B1YmZ3441tMj5n63k0212XNoJwzlhffQw==",
      "os": ["darwin"],
      "scripts": true
    },
    "gensequence@7.0.0": {
      "integrity": "sha512-47Frx13aZh01afHJTB3zTtKIlFI6vWY+MYCN9Qpew6i52rfKjnhCF/l1YlC8UmEMvvntZZ6z4PiCcmyuedR2aQ=="
    },
    "get-tsconfig@4.10.1": {
      "integrity": "sha512-auHyJ4AgMz7vgS8Hp3N6HXSmlMdUyhSUrfBF16w153rxtLIEOE+HGqaBppczZvnHLqQJfiHotCYpNhl0lUROFQ==",
      "dependencies": [
        "resolve-pkg-maps"
      ]
    },
    "global-directory@4.0.1": {
      "integrity": "sha512-wHTUcDUoZ1H5/0iVqEudYW4/kAlN5cZ3j/bXn0Dpbizl9iaUVeWSHqiOjsgk6OW2bkLclbBjzewBz6weQ1zA2Q==",
      "dependencies": [
        "ini"
      ]
    },
    "hookable@5.5.3": {
      "integrity": "sha512-Yc+BQe8SvoXH1643Qez1zqLRmbA5rCL+sSmk6TVos0LWVfNIB7PGncdlId77WzLGSIB5KaWgTaNTs2lNVEI6VQ=="
    },
    "import-fresh@3.3.1": {
      "integrity": "sha512-TR3KfrTZTYLPB6jUjfx6MF9WcWrHL9su5TObK4ZkYgBdWKPOFoSoQIdEuTuR82pmtxH2spWG9h6etwfr1pLBqQ==",
      "dependencies": [
        "parent-module@1.0.1",
        "resolve-from@4.0.0"
      ]
    },
    "import-meta-resolve@4.2.0": {
      "integrity": "sha512-Iqv2fzaTQN28s/FwZAoFq0ZSs/7hMAHJVX+w8PZl3cY19Pxk6jFFalxQoIfW2826i/fDLXv8IiEZRIT0lDuWcg=="
    },
    "ini@4.1.1": {
      "integrity": "sha512-QQnnxNyfvmHFIsj7gkPcYymR8Jdw/o7mp5ZFihxn6h8Ci6fh3Dx4E1gPjpQEpIuPo9XVNY/ZUwh4BPMjGyL01g=="
    },
    "jiti@2.6.0": {
      "integrity": "sha512-VXe6RjJkBPj0ohtqaO8vSWP3ZhAKo66fKrFNCll4BTcwljPLz03pCbaNKfzGP5MbrCYcbJ7v0nOYYwUzTEIdXQ==",
      "bin": true
    },
    "jsesc@3.1.0": {
      "integrity": "sha512-/sM3dO2FOzXjKQhJuo0Q173wf2KOo8t4I8vHy6lF9poUp7bKT0/NHE8fPX23PwfhnykfqnC2xRxOnVw5XuGIaA==",
      "bin": true
    },
    "lefthook-darwin-arm64@1.11.12": {
      "integrity": "sha512-nB3rZVGoign6lhlbdfT1/knk4fV4Kx7kgbho8oSFcpw/o2qRQpLqmclCWUTtf+Pyj4vCzE7hiee/m+uQtvu19w==",
      "os": ["darwin"],
      "cpu": ["arm64"]
    },
    "lefthook-darwin-x64@1.11.12": {
      "integrity": "sha512-ExNz8ctFRRaVz2wpvjmOtV4GeZcRdsAZwnZbmvlu1fMcJ6WtjAuR6fB0ybtcsc03/zBNrfShiq+VtZLkGv8Oeg==",
      "os": ["darwin"],
      "cpu": ["x64"]
    },
    "lefthook-freebsd-arm64@1.11.12": {
      "integrity": "sha512-3Si6YJ8YLEMJ6TGsaBI2ni64XSrJX69N4gX7OKQp85IXeizPUEy7oorYAJCUaw5nMffRbIkzxNTjaMkcn4iwag==",
      "os": ["freebsd"],
      "cpu": ["arm64"]
    },
    "lefthook-freebsd-x64@1.11.12": {
      "integrity": "sha512-J18MNYZKkVdHJ5K54MT8kxJ/W4TBUxD8aCi4e+Oliw8UXAiwaJSTGPkdY5P8aUlVYDknN2w+6I99Dxre6CJRFw==",
      "os": ["freebsd"],
      "cpu": ["x64"]
    },
    "lefthook-linux-arm64@1.11.12": {
      "integrity": "sha512-oIWcj7mcHnFB4tcfz4dsZTnDTXIyF7cjCEqhDQTvqJQLbE1XRfjU0RzQdgSKrzdmXIcUFB+lmcgeRwJnKBEJ8Q==",
      "os": ["linux"],
      "cpu": ["arm64"]
    },
    "lefthook-linux-x64@1.11.12": {
      "integrity": "sha512-sr9X5dW5dl9Fa3Kdk3x66DPGgCz/rykm+JHIyQGfnuvZnaeqkEaXgNubBaVGBbOimagXgtA5DwXc6D6fzUYALA==",
      "os": ["linux"],
      "cpu": ["x64"]
    },
    "lefthook-openbsd-arm64@1.11.12": {
      "integrity": "sha512-4TuX8c/lwky1DSNIY6knIFlMIHQZrVBxh6O5vSTjOAjKv5YmIkNgeUlwcBD+SMru9tQBj7MvOpJSkVkaLK5hhQ==",
      "os": ["openbsd"],
      "cpu": ["arm64"]
    },
    "lefthook-openbsd-x64@1.11.12": {
      "integrity": "sha512-Y/rPvyXtsIH+pxACfLHwxqc2Ahk+aExj8Izce3zXp75Wki5DH+6TXm5tWj5CgIuefL7CMqNFsOZCjEe1+SyM+w==",
      "os": ["openbsd"],
      "cpu": ["x64"]
    },
    "lefthook-windows-arm64@1.11.12": {
      "integrity": "sha512-OJaElGktzsMrkmIpXBqwlc+eZx5kwxx+tJFByTXiW/rb8ttBwj0ueVyfo3lw/PqqlbMy73qc9Uj3CHYkaKsDKw==",
      "os": ["win32"],
      "cpu": ["arm64"]
    },
    "lefthook-windows-x64@1.11.12": {
      "integrity": "sha512-ZhKsisibIcaG+rv9i7UJUgnuejI6mfaS5T3FreqsWt5vAsEIvLLNmZUA15MHPr99n+L4La1YQ2jTqie1kH57dA==",
      "os": ["win32"],
      "cpu": ["x64"]
    },
    "lefthook@1.11.12": {
      "integrity": "sha512-refh8mlcNtwJfmHDH+2mN1KTIVjp1EHlrjzOjfH/hJ4vFQByH2+1KfFDlJLX9V16VESwUNyOGkEZ9cJEF6zNgg==",
      "optionalDependencies": [
        "lefthook-darwin-arm64",
        "lefthook-darwin-x64",
        "lefthook-freebsd-arm64",
        "lefthook-freebsd-x64",
        "lefthook-linux-arm64",
        "lefthook-linux-x64",
        "lefthook-openbsd-arm64",
        "lefthook-openbsd-x64",
        "lefthook-windows-arm64",
        "lefthook-windows-x64"
      ],
      "scripts": true,
      "bin": true
    },
    "magic-string@0.30.19": {
      "integrity": "sha512-2N21sPY9Ws53PZvsEpVtNuSW+ScYbQdp4b9qUaL+9QkHUrGFKo56Lg9Emg5s9V/qrtNBmiR01sYhUOwu3H+VOw==",
      "dependencies": [
        "@jridgewell/sourcemap-codec"
      ]
    },
    "ms@2.1.3": {
      "integrity": "sha512-6FlzubTLZG3J2a/NVCAleEhjzq5oxgHyaCU9yYXvcLsvoVaHJq/s5xXI6/XXP6tz7R9xAOtHnSO/tXtF3WRTlA=="
    },
    "parent-module@1.0.1": {
      "integrity": "sha512-GQ2EWRpQV8/o+Aw8YqtfZZPfNRWZYkbidE9k5rpl/hC3vtHHBfGm2Ifi6qWV+coDGkrUKZAxE3Lot5kcsRlh+g==",
      "dependencies": [
        "callsites"
      ]
    },
    "parent-module@2.0.0": {
      "integrity": "sha512-uo0Z9JJeWzv8BG+tRcapBKNJ0dro9cLyczGzulS6EfeyAdeC9sbojtW6XwvYxJkEne9En+J2XEl4zyglVeIwFg==",
      "dependencies": [
        "callsites"
      ]
    },
    "pathe@2.0.3": {
      "integrity": "sha512-WUjGcAqP1gQacoQe+OBJsFA7Ld4DyXuUIjZ5cc75cLHvJ7dtNsTugphxIADwspS+AraAUePCKrSVtPLFj/F88w=="
    },
    "picomatch@4.0.3": {
      "integrity": "sha512-5gTmgEY/sqK6gFXLIsQNH19lWb4ebPDLA4SdLP7dsWkIXHWlG66oPuVvXSGFPppYZz8ZDZq0dYYrbHfBCVUb1Q=="
    },
    "quansync@0.2.11": {
      "integrity": "sha512-AifT7QEbW9Nri4tAwR5M/uzpBuqfZf+zwaEM/QkzEjj7NBuFD2rBuy0K3dE+8wltbezDV7JMA0WfnCPYRSYbXA=="
    },
    "readdirp@4.1.2": {
      "integrity": "sha512-GDhwkLfywWL2s6vEjyhri+eXmfH6j1L7JE27WhqLeYzoh/A3DBaYGEj2H/HFZCn/kMfim73FXxEJTw06WtxQwg=="
    },
    "resolve-from@4.0.0": {
      "integrity": "sha512-pb/MYmXstAkysRFx8piNI1tGFNQIFA3vkE3Gq4EuA1dF6gHp/+vgZqsCGJapvy8N3Q+4o7FwvquPJcnZ7RYy4g=="
    },
    "resolve-from@5.0.0": {
      "integrity": "sha512-qYg9KP24dD5qka9J47d0aVky0N+b4fTU89LN9iDnjB5waksiC49rvMB0PrUJQGoTmH50XPiqOvAjDfaijGxYZw=="
    },
    "resolve-pkg-maps@1.0.0": {
      "integrity": "sha512-seS2Tj26TBVOC2NIc2rOe2y2ZO7efxITtLZcGSOnHHNOQ7CkiUBfw0Iw2ck6xkIhPwLhKNLS8BO+hEpngQlqzw=="
    },
    "rolldown-plugin-dts@0.16.9_rolldown@1.0.0-beta.40_typescript@5.8.3": {
      "integrity": "sha512-65fAQjQAAXW7j2V5/872r++jjjR2/Pur18/PQO/JgfJl3vKxapXO2KU1l5bUdRoFuuryF+23+Hfu0Cw3bhM97g==",
      "dependencies": [
        "@babel/generator",
        "@babel/parser",
        "@babel/types",
        "ast-kit",
        "birpc",
        "debug",
        "dts-resolver",
        "get-tsconfig",
        "magic-string",
        "rolldown",
        "typescript"
      ],
      "optionalPeers": [
        "typescript"
      ]
    },
    "rolldown@1.0.0-beta.40": {
      "integrity": "sha512-VqEHbKpOgTPmQrZ4fVn4eshDQS/6g/fRpNE7cFSJY+eQLDZn4B9X61J6L+hnlt1u2uRI+pF7r1USs6S5fuWCvw==",
      "dependencies": [
        "@oxc-project/types",
        "@rolldown/pluginutils",
        "ansis"
      ],
      "optionalDependencies": [
        "@rolldown/binding-android-arm64",
        "@rolldown/binding-darwin-arm64",
        "@rolldown/binding-darwin-x64",
        "@rolldown/binding-freebsd-x64",
        "@rolldown/binding-linux-arm-gnueabihf",
        "@rolldown/binding-linux-arm64-gnu",
        "@rolldown/binding-linux-arm64-musl",
        "@rolldown/binding-linux-x64-gnu",
        "@rolldown/binding-linux-x64-musl",
        "@rolldown/binding-openharmony-arm64",
        "@rolldown/binding-wasm32-wasi",
        "@rolldown/binding-win32-arm64-msvc",
        "@rolldown/binding-win32-ia32-msvc",
        "@rolldown/binding-win32-x64-msvc"
      ],
      "bin": true
    },
    "semver@7.7.2": {
      "integrity": "sha512-RF0Fw+rO5AMf9MAyaRXI4AV0Ulj5lMHqVxxdSgiVbixSCXoEmmX/jk0CuJw4+3SqroYO9VoUh+HcuJivvtJemA==",
      "bin": true
    },
    "smol-toml@1.4.2": {
      "integrity": "sha512-rInDH6lCNiEyn3+hH8KVGFdbjc099j47+OSgbMrfDYX1CmXLfdKd7qi6IfcWj2wFxvSVkuI46M+wPGYfEOEj6g=="
    },
    "tinyexec@1.0.1": {
      "integrity": "sha512-5uC6DDlmeqiOwCPmK9jMSdOuZTh8bU39Ys6yidB+UTt5hfZUPGAypSgFRiEp+jbi9qH40BLDvy85jIU88wKSqw=="
    },
    "tinyglobby@0.2.15_picomatch@4.0.3": {
      "integrity": "sha512-j2Zq4NyQYG5XMST4cbs02Ak8iJUdxRM0XI5QyxXuZOzKOINmWurp3smXu3y5wDcJrptwpSjgXHzIQxR0omXljQ==",
      "dependencies": [
        "fdir",
        "picomatch"
      ]
    },
    "tree-kill@1.2.2": {
      "integrity": "sha512-L0Orpi8qGpRG//Nd+H90vFB+3iHnue1zSSGmNOOCh1GLJ7rUKVwV2HvijphGQS2UmhUZewS9VgvxYIdgr+fG1A==",
      "bin": true
    },
    "tsdown@0.15.5_typescript@5.8.3_rolldown@1.0.0-beta.40": {
      "integrity": "sha512-2UP5hDBVYGHnnQSIYtDxMDjePmut7EDpvW5E2kVnjpZ17JgiPvRJPHwk5Dm045bC75+q8yxAlw/CMIELymTWaw==",
      "dependencies": [
        "ansis",
        "cac",
        "chokidar",
        "debug",
        "diff",
        "empathic",
        "hookable",
        "rolldown",
        "rolldown-plugin-dts",
        "semver",
        "tinyexec",
        "tinyglobby",
        "tree-kill",
        "typescript",
        "unconfig"
      ],
      "optionalPeers": [
        "typescript"
      ],
      "bin": true
    },
    "tslib@2.8.1": {
      "integrity": "sha512-oJFu94HQb+KVduSUQL7wnpmqnfmLsOA/nAh6b6EH0wCEoK0/mPeXU6c3wKDV83MkOuHPRHtSXKKU99IBazS/2w=="
    },
    "typescript@5.8.3": {
      "integrity": "sha512-p1diW6TqL9L07nNxvRMM7hMMw4c5XOo/1ibL4aAIGmSAt9slTE1Xgw5KWuof2uTOvCg9BY7ZRi+GaF+7sfgPeQ==",
      "bin": true
    },
    "unconfig@7.3.3": {
      "integrity": "sha512-QCkQoOnJF8L107gxfHL0uavn7WD9b3dpBcFX6HtfQYmjw2YzWxGuFQ0N0J6tE9oguCBJn9KOvfqYDCMPHIZrBA==",
      "dependencies": [
        "@quansync/fs",
        "defu",
        "jiti",
        "quansync"
      ]
    },
    "vscode-languageserver-textdocument@1.0.12": {
      "integrity": "sha512-cxWNPesCnQCcMPeenjKKsOCKQZ/L6Tv19DTRIGuLWe32lyzWhihGVJ/rcckZXJxfdKCFvRLS3fpBIsV/ZGX4zA=="
    },
    "vscode-uri@3.1.0": {
      "integrity": "sha512-/BpdSx+yCQGnCvecbyXdxHDkuk55/G3xwnC0GqY4gmQ3j+A+g8kzzgB4Nk/SINjqn6+waqw3EgbVF2QKExkRxQ=="
    },
    "xdg-basedir@5.1.0": {
      "integrity": "sha512-GCPAHLvrIH13+c0SuacwvRYj2SxJXQ4kaVTT5xgL3kPrz56XxkF21IGhjSE1+W0aw7gpBWRGXLCPnPby6lSpmQ=="
    },
    "yaml@2.8.1": {
      "integrity": "sha512-lcYcMxX2PO9XMGvAJkJ3OsNMw+/7FKes7/hgerGUYWIoWu5j/+YQqcZr5JnPZWzOsEBgMbSbiSTn/dv/69Mkpw==",
      "bin": true
    }
  },
  "workspace": {
    "dependencies": [
      "jsr:@uzmoi/ut@~0.1.2"
    ],
    "packageJson": {
      "dependencies": [
        "npm:@uzmoi/ut@~0.1.1",
        "npm:cspell@9",
        "npm:lefthook@^1.11.12",
        "npm:tsdown@~0.15.5",
        "npm:typescript@^5.8.3"
      ]
    }
  }
}
